PODS:
  - FCFileManager (1.0.18)
  - PreferencesKit (1.0.0):
    - FCFileManager (~> 1.0.18)

DEPENDENCIES:
  - PreferencesKit (from `../`)

EXTERNAL SOURCES:
  PreferencesKit:
    :path: ../

SPEC CHECKSUMS:
  FCFileManager: 3d13576da1f709d37460bd7669cdf07b9d6d8bc3
  PreferencesKit: 071670c302c7ad9b9c12b6e4a4fd0646586f0b9c

PODFILE CHECKSUM: 110fe63aa232c98e3cfa8a07055996fd3931da93

COCOAPODS: 1.2.1
