PODS:
  - FCFileManager (1.0.18)
  - PreferencesKit (1.0.1):
    - FCFileManager (~> 1.0.18)

DEPENDENCIES:
  - PreferencesKit (from `../`)

EXTERNAL SOURCES:
  PreferencesKit:
    :path: ../

SPEC CHECKSUMS:
  FCFileManager: 3d13576da1f709d37460bd7669cdf07b9d6d8bc3
  PreferencesKit: 4b188aeb2d7148ba0b099056825f44dd717f54f4

PODFILE CHECKSUM: 4bcdb980146e18eac2ad921aba3ea65cd9933f41

COCOAPODS: 1.2.1
