// !$*UTF8*$!
{
	archiveVersion = 1;
	classes = {
	};
	objectVersion = 46;
	objects = {

/* Begin PBXBuildFile section */
		1C64479A5D5C987A76C57E02 /* libPods-PreferencesSampleUITests.a in Frameworks */ = {isa = PBXBuildFile; fileRef = C6F5BBF574F8376C47B61AA2 /* libPods-PreferencesSampleUITests.a */; };
		287CC75F41DBA8294B82CF23 /* libPods-PreferencesSampleTests.a in Frameworks */ = {isa = PBXBuildFile; fileRef = ED910FE920F11AF00BC712E9 /* libPods-PreferencesSampleTests.a */; };
		B619F44E1D4065380021909F /* main.m in Sources */ = {isa = PBXBuildFile; fileRef = B619F44D1D4065380021909F /* main.m */; };
		B619F4511D4065380021909F /* AppDelegate.m in Sources */ = {isa = PBXBuildFile; fileRef = B619F4501D4065380021909F /* AppDelegate.m */; };
		B619F4591D4065380021909F /* Assets.xcassets in Resources */ = {isa = PBXBuildFile; fileRef = B619F4581D4065380021909F /* Assets.xcassets */; };
		B619F45C1D4065380021909F /* LaunchScreen.storyboard in Resources */ = {isa = PBXBuildFile; fileRef = B619F45A1D4065380021909F /* LaunchScreen.storyboard */; };
		B619F4671D4065380021909F /* PreferencesSampleTests.m in Sources */ = {isa = PBXBuildFile; fileRef = B619F4661D4065380021909F /* PreferencesSampleTests.m */; };
		B619F4721D4065380021909F /* PreferencesSampleUITests.m in Sources */ = {isa = PBXBuildFile; fileRef = B619F4711D4065380021909F /* PreferencesSampleUITests.m */; };
		B619F4821D4066110021909F /* PreferencesKit.m in Sources */ = {isa = PBXBuildFile; fileRef = B619F4811D4066110021909F /* PreferencesKit.m */; };
		B619F4871D4078730021909F /* CustomSettingsViewController.m in Sources */ = {isa = PBXBuildFile; fileRef = B619F4851D4078730021909F /* CustomSettingsViewController.m */; };
		B619F4881D4078730021909F /* CustomSettingsViewController.xib in Resources */ = {isa = PBXBuildFile; fileRef = B619F4861D4078730021909F /* CustomSettingsViewController.xib */; };
		B619F48B1D407AE80021909F /* PreferencesView.m in Sources */ = {isa = PBXBuildFile; fileRef = B619F48A1D407AE80021909F /* PreferencesView.m */; };
		EC6AB0DC10181F0F78586019 /* libPods-PreferencesSample.a in Frameworks */ = {isa = PBXBuildFile; fileRef = ACA28E194EC0290439D0E513 /* libPods-PreferencesSample.a */; };
/* End PBXBuildFile section */

/* Begin PBXContainerItemProxy section */
		B619F4631D4065380021909F /* PBXContainerItemProxy */ = {
			isa = PBXContainerItemProxy;
			containerPortal = B619F4411D4065380021909F /* Project object */;
			proxyType = 1;
			remoteGlobalIDString = B619F4481D4065380021909F;
			remoteInfo = PreferencesSample;
		};
		B619F46E1D4065380021909F /* PBXContainerItemProxy */ = {
			isa = PBXContainerItemProxy;
			containerPortal = B619F4411D4065380021909F /* Project object */;
			proxyType = 1;
			remoteGlobalIDString = B619F4481D4065380021909F;
			remoteInfo = PreferencesSample;
		};
/* End PBXContainerItemProxy section */

/* Begin PBXFileReference section */
		071A302583784AD453E051DB /* Pods-PreferencesSampleUITests.debug.xcconfig */ = {isa = PBXFileReference; includeInIndex = 1; lastKnownFileType = text.xcconfig; name = "Pods-PreferencesSampleUITests.debug.xcconfig"; path = "Pods/Target Support Files/Pods-PreferencesSampleUITests/Pods-PreferencesSampleUITests.debug.xcconfig"; sourceTree = "<group>"; };
		20D371005BA1906D867E3B5C /* Pods-PreferencesSampleTests.release.xcconfig */ = {isa = PBXFileReference; includeInIndex = 1; lastKnownFileType = text.xcconfig; name = "Pods-PreferencesSampleTests.release.xcconfig"; path = "Pods/Target Support Files/Pods-PreferencesSampleTests/Pods-PreferencesSampleTests.release.xcconfig"; sourceTree = "<group>"; };
		4D0E4FDA30EAA68479B61A7D /* Pods-PreferencesSampleTests.debug.xcconfig */ = {isa = PBXFileReference; includeInIndex = 1; lastKnownFileType = text.xcconfig; name = "Pods-PreferencesSampleTests.debug.xcconfig"; path = "Pods/Target Support Files/Pods-PreferencesSampleTests/Pods-PreferencesSampleTests.debug.xcconfig"; sourceTree = "<group>"; };
		540764DA6C256F8502D57E9C /* Pods-PreferencesSample.release.xcconfig */ = {isa = PBXFileReference; includeInIndex = 1; lastKnownFileType = text.xcconfig; name = "Pods-PreferencesSample.release.xcconfig"; path = "Pods/Target Support Files/Pods-PreferencesSample/Pods-PreferencesSample.release.xcconfig"; sourceTree = "<group>"; };
		584311ED6F05B26EA2C30B9D /* Pods-PreferencesSampleUITests.release.xcconfig */ = {isa = PBXFileReference; includeInIndex = 1; lastKnownFileType = text.xcconfig; name = "Pods-PreferencesSampleUITests.release.xcconfig"; path = "Pods/Target Support Files/Pods-PreferencesSampleUITests/Pods-PreferencesSampleUITests.release.xcconfig"; sourceTree = "<group>"; };
		783CA47909F11D7E8E7BEDB5 /* Pods-PreferencesSample.debug.xcconfig */ = {isa = PBXFileReference; includeInIndex = 1; lastKnownFileType = text.xcconfig; name = "Pods-PreferencesSample.debug.xcconfig"; path = "Pods/Target Support Files/Pods-PreferencesSample/Pods-PreferencesSample.debug.xcconfig"; sourceTree = "<group>"; };
		ACA28E194EC0290439D0E513 /* libPods-PreferencesSample.a */ = {isa = PBXFileReference; explicitFileType = archive.ar; includeInIndex = 0; path = "libPods-PreferencesSample.a"; sourceTree = BUILT_PRODUCTS_DIR; };
		B619F4491D4065380021909F /* PreferencesSample.app */ = {isa = PBXFileReference; explicitFileType = wrapper.application; includeInIndex = 0; path = PreferencesSample.app; sourceTree = BUILT_PRODUCTS_DIR; };
		B619F44D1D4065380021909F /* main.m */ = {isa = PBXFileReference; lastKnownFileType = sourcecode.c.objc; path = main.m; sourceTree = "<group>"; };
		B619F44F1D4065380021909F /* AppDelegate.h */ = {isa = PBXFileReference; lastKnownFileType = sourcecode.c.h; path = AppDelegate.h; sourceTree = "<group>"; };
		B619F4501D4065380021909F /* AppDelegate.m */ = {isa = PBXFileReference; lastKnownFileType = sourcecode.c.objc; path = AppDelegate.m; sourceTree = "<group>"; };
		B619F4581D4065380021909F /* Assets.xcassets */ = {isa = PBXFileReference; lastKnownFileType = folder.assetcatalog; path = Assets.xcassets; sourceTree = "<group>"; };
		B619F45B1D4065380021909F /* Base */ = {isa = PBXFileReference; lastKnownFileType = file.storyboard; name = Base; path = Base.lproj/LaunchScreen.storyboard; sourceTree = "<group>"; };
		B619F45D1D4065380021909F /* Info.plist */ = {isa = PBXFileReference; lastKnownFileType = text.plist.xml; path = Info.plist; sourceTree = "<group>"; };
		B619F4621D4065380021909F /* PreferencesSampleTests.xctest */ = {isa = PBXFileReference; explicitFileType = wrapper.cfbundle; includeInIndex = 0; path = PreferencesSampleTests.xctest; sourceTree = BUILT_PRODUCTS_DIR; };
		B619F4661D4065380021909F /* PreferencesSampleTests.m */ = {isa = PBXFileReference; lastKnownFileType = sourcecode.c.objc; path = PreferencesSampleTests.m; sourceTree = "<group>"; };
		B619F4681D4065380021909F /* Info.plist */ = {isa = PBXFileReference; lastKnownFileType = text.plist.xml; path = Info.plist; sourceTree = "<group>"; };
		B619F46D1D4065380021909F /* PreferencesSampleUITests.xctest */ = {isa = PBXFileReference; explicitFileType = wrapper.cfbundle; includeInIndex = 0; path = PreferencesSampleUITests.xctest; sourceTree = BUILT_PRODUCTS_DIR; };
		B619F4711D4065380021909F /* PreferencesSampleUITests.m */ = {isa = PBXFileReference; lastKnownFileType = sourcecode.c.objc; path = PreferencesSampleUITests.m; sourceTree = "<group>"; };
		B619F4731D4065380021909F /* Info.plist */ = {isa = PBXFileReference; lastKnownFileType = text.plist.xml; path = Info.plist; sourceTree = "<group>"; };
		B619F4801D4066110021909F /* PreferencesKit.h */ = {isa = PBXFileReference; fileEncoding = 4; lastKnownFileType = sourcecode.c.h; path = PreferencesKit.h; sourceTree = "<group>"; };
		B619F4811D4066110021909F /* PreferencesKit.m */ = {isa = PBXFileReference; fileEncoding = 4; lastKnownFileType = sourcecode.c.objc; path = PreferencesKit.m; sourceTree = "<group>"; };
		B619F4841D4078730021909F /* CustomSettingsViewController.h */ = {isa = PBXFileReference; fileEncoding = 4; lastKnownFileType = sourcecode.c.h; path = CustomSettingsViewController.h; sourceTree = "<group>"; };
		B619F4851D4078730021909F /* CustomSettingsViewController.m */ = {isa = PBXFileReference; fileEncoding = 4; lastKnownFileType = sourcecode.c.objc; path = CustomSettingsViewController.m; sourceTree = "<group>"; };
		B619F4861D4078730021909F /* CustomSettingsViewController.xib */ = {isa = PBXFileReference; fileEncoding = 4; lastKnownFileType = file.xib; path = CustomSettingsViewController.xib; sourceTree = "<group>"; };
		B619F4891D407AE80021909F /* PreferencesView.h */ = {isa = PBXFileReference; fileEncoding = 4; lastKnownFileType = sourcecode.c.h; path = PreferencesView.h; sourceTree = "<group>"; };
		B619F48A1D407AE80021909F /* PreferencesView.m */ = {isa = PBXFileReference; fileEncoding = 4; lastKnownFileType = sourcecode.c.objc; path = PreferencesView.m; sourceTree = "<group>"; };
		C6F5BBF574F8376C47B61AA2 /* libPods-PreferencesSampleUITests.a */ = {isa = PBXFileReference; explicitFileType = archive.ar; includeInIndex = 0; path = "libPods-PreferencesSampleUITests.a"; sourceTree = BUILT_PRODUCTS_DIR; };
		ED910FE920F11AF00BC712E9 /* libPods-PreferencesSampleTests.a */ = {isa = PBXFileReference; explicitFileType = archive.ar; includeInIndex = 0; path = "libPods-PreferencesSampleTests.a"; sourceTree = BUILT_PRODUCTS_DIR; };
/* End PBXFileReference section */

/* Begin PBXFrameworksBuildPhase section */
		B619F4461D4065380021909F /* Frameworks */ = {
			isa = PBXFrameworksBuildPhase;
			buildActionMask = 2147483647;
			files = (
				EC6AB0DC10181F0F78586019 /* libPods-PreferencesSample.a in Frameworks */,
			);
			runOnlyForDeploymentPostprocessing = 0;
		};
		B619F45F1D4065380021909F /* Frameworks */ = {
			isa = PBXFrameworksBuildPhase;
			buildActionMask = 2147483647;
			files = (
				287CC75F41DBA8294B82CF23 /* libPods-PreferencesSampleTests.a in Frameworks */,
			);
			runOnlyForDeploymentPostprocessing = 0;
		};
		B619F46A1D4065380021909F /* Frameworks */ = {
			isa = PBXFrameworksBuildPhase;
			buildActionMask = 2147483647;
			files = (
				1C64479A5D5C987A76C57E02 /* libPods-PreferencesSampleUITests.a in Frameworks */,
			);
			runOnlyForDeploymentPostprocessing = 0;
		};
/* End PBXFrameworksBuildPhase section */

/* Begin PBXGroup section */
		427DF3293C7AB0E2665A1A66 /* Frameworks */ = {
			isa = PBXGroup;
			children = (
				ACA28E194EC0290439D0E513 /* libPods-PreferencesSample.a */,
				ED910FE920F11AF00BC712E9 /* libPods-PreferencesSampleTests.a */,
				C6F5BBF574F8376C47B61AA2 /* libPods-PreferencesSampleUITests.a */,
			);
			name = Frameworks;
			sourceTree = "<group>";
		};
		952A3E289487130A8FD44F25 /* Pods */ = {
			isa = PBXGroup;
			children = (
				783CA47909F11D7E8E7BEDB5 /* Pods-PreferencesSample.debug.xcconfig */,
				540764DA6C256F8502D57E9C /* Pods-PreferencesSample.release.xcconfig */,
				4D0E4FDA30EAA68479B61A7D /* Pods-PreferencesSampleTests.debug.xcconfig */,
				20D371005BA1906D867E3B5C /* Pods-PreferencesSampleTests.release.xcconfig */,
				071A302583784AD453E051DB /* Pods-PreferencesSampleUITests.debug.xcconfig */,
				584311ED6F05B26EA2C30B9D /* Pods-PreferencesSampleUITests.release.xcconfig */,
			);
			name = Pods;
			sourceTree = "<group>";
		};
		B619F4401D4065380021909F = {
			isa = PBXGroup;
			children = (
				B619F44B1D4065380021909F /* PreferencesSample */,
				B619F4651D4065380021909F /* PreferencesSampleTests */,
				B619F4701D4065380021909F /* PreferencesSampleUITests */,
				B619F44A1D4065380021909F /* Products */,
				952A3E289487130A8FD44F25 /* Pods */,
				427DF3293C7AB0E2665A1A66 /* Frameworks */,
			);
			sourceTree = "<group>";
		};
		B619F44A1D4065380021909F /* Products */ = {
			isa = PBXGroup;
			children = (
				B619F4491D4065380021909F /* PreferencesSample.app */,
				B619F4621D4065380021909F /* PreferencesSampleTests.xctest */,
				B619F46D1D4065380021909F /* PreferencesSampleUITests.xctest */,
			);
			name = Products;
			sourceTree = "<group>";
		};
		B619F44B1D4065380021909F /* PreferencesSample */ = {
			isa = PBXGroup;
			children = (
				B619F47F1D4065520021909F /* PreferencesKit */,
				B619F44F1D4065380021909F /* AppDelegate.h */,
				B619F4501D4065380021909F /* AppDelegate.m */,
				B619F4831D4077E80021909F /* _Scene */,
				B619F4581D4065380021909F /* Assets.xcassets */,
				B619F45A1D4065380021909F /* LaunchScreen.storyboard */,
				B619F45D1D4065380021909F /* Info.plist */,
				B619F44C1D4065380021909F /* Supporting Files */,
			);
			path = PreferencesSample;
			sourceTree = "<group>";
		};
		B619F44C1D4065380021909F /* Supporting Files */ = {
			isa = PBXGroup;
			children = (
				B619F44D1D4065380021909F /* main.m */,
			);
			name = "Supporting Files";
			sourceTree = "<group>";
		};
		B619F4651D4065380021909F /* PreferencesSampleTests */ = {
			isa = PBXGroup;
			children = (
				B619F4661D4065380021909F /* PreferencesSampleTests.m */,
				B619F4681D4065380021909F /* Info.plist */,
			);
			path = PreferencesSampleTests;
			sourceTree = "<group>";
		};
		B619F4701D4065380021909F /* PreferencesSampleUITests */ = {
			isa = PBXGroup;
			children = (
				B619F4711D4065380021909F /* PreferencesSampleUITests.m */,
				B619F4731D4065380021909F /* Info.plist */,
			);
			path = PreferencesSampleUITests;
			sourceTree = "<group>";
		};
		B619F47F1D4065520021909F /* PreferencesKit */ = {
			isa = PBXGroup;
			children = (
				B619F4801D4066110021909F /* PreferencesKit.h */,
				B619F4811D4066110021909F /* PreferencesKit.m */,
				B619F4891D407AE80021909F /* PreferencesView.h */,
				B619F48A1D407AE80021909F /* PreferencesView.m */,
			);
			name = PreferencesKit;
			path = ../../PreferencesKit;
			sourceTree = "<group>";
		};
		B619F4831D4077E80021909F /* _Scene */ = {
			isa = PBXGroup;
			children = (
				B619F4841D4078730021909F /* CustomSettingsViewController.h */,
				B619F4851D4078730021909F /* CustomSettingsViewController.m */,
				B619F4861D4078730021909F /* CustomSettingsViewController.xib */,
			);
			path = _Scene;
			sourceTree = "<group>";
		};
/* End PBXGroup section */

/* Begin PBXNativeTarget section */
		B619F4481D4065380021909F /* PreferencesSample */ = {
			isa = PBXNativeTarget;
			buildConfigurationList = B619F4761D4065380021909F /* Build configuration list for PBXNativeTarget "PreferencesSample" */;
			buildPhases = (
				EB3483DBC19AB6152145BB14 /* [CP] Check Pods Manifest.lock */,
				B619F4451D4065380021909F /* Sources */,
				B619F4461D4065380021909F /* Frameworks */,
				B619F4471D4065380021909F /* Resources */,
				2F9C9ACA3B01EA875AD1DC4A /* [CP] Embed Pods Frameworks */,
				EF9901E4A5CA3487DD3A02D7 /* [CP] Copy Pods Resources */,
			);
			buildRules = (
			);
			dependencies = (
			);
			name = PreferencesSample;
			productName = PreferencesSample;
			productReference = B619F4491D4065380021909F /* PreferencesSample.app */;
			productType = "com.apple.product-type.application";
		};
		B619F4611D4065380021909F /* PreferencesSampleTests */ = {
			isa = PBXNativeTarget;
			buildConfigurationList = B619F4791D4065380021909F /* Build configuration list for PBXNativeTarget "PreferencesSampleTests" */;
			buildPhases = (
				6B50438501352F65E1043328 /* [CP] Check Pods Manifest.lock */,
				B619F45E1D4065380021909F /* Sources */,
				B619F45F1D4065380021909F /* Frameworks */,
				B619F4601D4065380021909F /* Resources */,
				401A9DA211DC1A37F0FED339 /* [CP] Embed Pods Frameworks */,
				D4171E43FAE0CF69F4C2EDDA /* [CP] Copy Pods Resources */,
			);
			buildRules = (
			);
			dependencies = (
				B619F4641D4065380021909F /* PBXTargetDependency */,
			);
			name = PreferencesSampleTests;
			productName = PreferencesSampleTests;
			productReference = B619F4621D4065380021909F /* PreferencesSampleTests.xctest */;
			productType = "com.apple.product-type.bundle.unit-test";
		};
		B619F46C1D4065380021909F /* PreferencesSampleUITests */ = {
			isa = PBXNativeTarget;
			buildConfigurationList = B619F47C1D4065380021909F /* Build configuration list for PBXNativeTarget "PreferencesSampleUITests" */;
			buildPhases = (
				D17364BF4556EA86E906B24E /* [CP] Check Pods Manifest.lock */,
				B619F4691D4065380021909F /* Sources */,
				B619F46A1D4065380021909F /* Frameworks */,
				B619F46B1D4065380021909F /* Resources */,
				F44B7F7F116426ADF0DDA31E /* [CP] Copy Pods Resources */,
			);
			buildRules = (
			);
			dependencies = (
				B619F46F1D4065380021909F /* PBXTargetDependency */,
			);
			name = PreferencesSampleUITests;
			productName = PreferencesSampleUITests;
			productReference = B619F46D1D4065380021909F /* PreferencesSampleUITests.xctest */;
			productType = "com.apple.product-type.bundle.ui-testing";
		};
/* End PBXNativeTarget section */

/* Begin PBXProject section */
		B619F4411D4065380021909F /* Project object */ = {
			isa = PBXProject;
			attributes = {
				LastUpgradeCheck = 0730;
				ORGANIZATIONNAME = "Luo Yu";
				TargetAttributes = {
					B619F4481D4065380021909F = {
						CreatedOnToolsVersion = 7.3.1;
					};
					B619F4611D4065380021909F = {
						CreatedOnToolsVersion = 7.3.1;
						DevelopmentTeam = 6965AJ6V4F;
						TestTargetID = B619F4481D4065380021909F;
					};
					B619F46C1D4065380021909F = {
						CreatedOnToolsVersion = 7.3.1;
						DevelopmentTeam = 6965AJ6V4F;
						TestTargetID = B619F4481D4065380021909F;
					};
				};
			};
			buildConfigurationList = B619F4441D4065380021909F /* Build configuration list for PBXProject "PreferencesSample" */;
			compatibilityVersion = "Xcode 3.2";
			developmentRegion = English;
			hasScannedForEncodings = 0;
			knownRegions = (
				en,
				Base,
			);
			mainGroup = B619F4401D4065380021909F;
			productRefGroup = B619F44A1D4065380021909F /* Products */;
			projectDirPath = "";
			projectRoot = "";
			targets = (
				B619F4481D4065380021909F /* PreferencesSample */,
				B619F4611D4065380021909F /* PreferencesSampleTests */,
				B619F46C1D4065380021909F /* PreferencesSampleUITests */,
			);
		};
/* End PBXProject section */

/* Begin PBXResourcesBuildPhase section */
		B619F4471D4065380021909F /* Resources */ = {
			isa = PBXResourcesBuildPhase;
			buildActionMask = 2147483647;
			files = (
				B619F4881D4078730021909F /* CustomSettingsViewController.xib in Resources */,
				B619F45C1D4065380021909F /* LaunchScreen.storyboard in Resources */,
				B619F4591D4065380021909F /* Assets.xcassets in Resources */,
			);
			runOnlyForDeploymentPostprocessing = 0;
		};
		B619F4601D4065380021909F /* Resources */ = {
			isa = PBXResourcesBuildPhase;
			buildActionMask = 2147483647;
			files = (
			);
			runOnlyForDeploymentPostprocessing = 0;
		};
		B619F46B1D4065380021909F /* Resources */ = {
			isa = PBXResourcesBuildPhase;
			buildActionMask = 2147483647;
			files = (
			);
			runOnlyForDeploymentPostprocessing = 0;
		};
/* End PBXResourcesBuildPhase section */

/* Begin PBXShellScriptBuildPhase section */
		2F9C9ACA3B01EA875AD1DC4A /* [CP] Embed Pods Frameworks */ = {
			isa = PBXShellScriptBuildPhase;
			buildActionMask = 2147483647;
			files = (
			);
			inputPaths = (
			);
			name = "[CP] Embed Pods Frameworks";
			outputPaths = (
			);
			runOnlyForDeploymentPostprocessing = 0;
			shellPath = /bin/sh;
			shellScript = "\"${SRCROOT}/Pods/Target Support Files/Pods-PreferencesSample/Pods-PreferencesSample-frameworks.sh\"\n";
			showEnvVarsInLog = 0;
		};
		401A9DA211DC1A37F0FED339 /* [CP] Embed Pods Frameworks */ = {
			isa = PBXShellScriptBuildPhase;
			buildActionMask = 2147483647;
			files = (
			);
			inputPaths = (
			);
			name = "[CP] Embed Pods Frameworks";
			outputPaths = (
			);
			runOnlyForDeploymentPostprocessing = 0;
			shellPath = /bin/sh;
			shellScript = "\"${SRCROOT}/Pods/Target Support Files/Pods-PreferencesSampleTests/Pods-PreferencesSampleTests-frameworks.sh\"\n";
			showEnvVarsInLog = 0;
		};
		6B50438501352F65E1043328 /* [CP] Check Pods Manifest.lock */ = {
			isa = PBXShellScriptBuildPhase;
			buildActionMask = 2147483647;
			files = (
			);
			inputPaths = (
			);
			name = "[CP] Check Pods Manifest.lock";
			outputPaths = (
			);
			runOnlyForDeploymentPostprocessing = 0;
			shellPath = /bin/sh;
			shellScript = "diff \"${PODS_ROOT}/../Podfile.lock\" \"${PODS_ROOT}/Manifest.lock\" > /dev/null\nif [[ $? != 0 ]] ; then\n    cat << EOM\nerror: The sandbox is not in sync with the Podfile.lock. Run 'pod install' or update your CocoaPods installation.\nEOM\n    exit 1\nfi\n";
			showEnvVarsInLog = 0;
		};
		D17364BF4556EA86E906B24E /* [CP] Check Pods Manifest.lock */ = {
			isa = PBXShellScriptBuildPhase;
			buildActionMask = 2147483647;
			files = (
			);
			inputPaths = (
			);
			name = "[CP] Check Pods Manifest.lock";
			outputPaths = (
			);
			runOnlyForDeploymentPostprocessing = 0;
			shellPath = /bin/sh;
			shellScript = "diff \"${PODS_ROOT}/../Podfile.lock\" \"${PODS_ROOT}/Manifest.lock\" > /dev/null\nif [[ $? != 0 ]] ; then\n    cat << EOM\nerror: The sandbox is not in sync with the Podfile.lock. Run 'pod install' or update your CocoaPods installation.\nEOM\n    exit 1\nfi\n";
			showEnvVarsInLog = 0;
		};
		D4171E43FAE0CF69F4C2EDDA /* [CP] Copy Pods Resources */ = {
			isa = PBXShellScriptBuildPhase;
			buildActionMask = 2147483647;
			files = (
			);
			inputPaths = (
			);
			name = "[CP] Copy Pods Resources";
			outputPaths = (
			);
			runOnlyForDeploymentPostprocessing = 0;
			shellPath = /bin/sh;
			shellScript = "\"${SRCROOT}/Pods/Target Support Files/Pods-PreferencesSampleTests/Pods-PreferencesSampleTests-resources.sh\"\n";
			showEnvVarsInLog = 0;
		};
		EB3483DBC19AB6152145BB14 /* [CP] Check Pods Manifest.lock */ = {
			isa = PBXShellScriptBuildPhase;
			buildActionMask = 2147483647;
			files = (
			);
			inputPaths = (
			);
			name = "[CP] Check Pods Manifest.lock";
			outputPaths = (
			);
			runOnlyForDeploymentPostprocessing = 0;
			shellPath = /bin/sh;
			shellScript = "diff \"${PODS_ROOT}/../Podfile.lock\" \"${PODS_ROOT}/Manifest.lock\" > /dev/null\nif [[ $? != 0 ]] ; then\n    cat << EOM\nerror: The sandbox is not in sync with the Podfile.lock. Run 'pod install' or update your CocoaPods installation.\nEOM\n    exit 1\nfi\n";
			showEnvVarsInLog = 0;
		};
		EF9901E4A5CA3487DD3A02D7 /* [CP] Copy Pods Resources */ = {
			isa = PBXShellScriptBuildPhase;
			buildActionMask = 2147483647;
			files = (
			);
			inputPaths = (
			);
			name = "[CP] Copy Pods Resources";
			outputPaths = (
			);
			runOnlyForDeploymentPostprocessing = 0;
			shellPath = /bin/sh;
			shellScript = "\"${SRCROOT}/Pods/Target Support Files/Pods-PreferencesSample/Pods-PreferencesSample-resources.sh\"\n";
			showEnvVarsInLog = 0;
		};
		F44B7F7F116426ADF0DDA31E /* [CP] Copy Pods Resources */ = {
			isa = PBXShellScriptBuildPhase;
			buildActionMask = 2147483647;
			files = (
			);
			inputPaths = (
			);
			name = "[CP] Copy Pods Resources";
			outputPaths = (
			);
			runOnlyForDeploymentPostprocessing = 0;
			shellPath = /bin/sh;
			shellScript = "\"${SRCROOT}/Pods/Target Support Files/Pods-PreferencesSampleUITests/Pods-PreferencesSampleUITests-resources.sh\"\n";
			showEnvVarsInLog = 0;
		};
/* End PBXShellScriptBuildPhase section */

/* Begin PBXSourcesBuildPhase section */
		B619F4451D4065380021909F /* Sources */ = {
			isa = PBXSourcesBuildPhase;
			buildActionMask = 2147483647;
			files = (
				B619F4821D4066110021909F /* PreferencesKit.m in Sources */,
				B619F48B1D407AE80021909F /* PreferencesView.m in Sources */,
				B619F4871D4078730021909F /* CustomSettingsViewController.m in Sources */,
				B619F4511D4065380021909F /* AppDelegate.m in Sources */,
				B619F44E1D4065380021909F /* main.m in Sources */,
			);
			runOnlyForDeploymentPostprocessing = 0;
		};
		B619F45E1D4065380021909F /* Sources */ = {
			isa = PBXSourcesBuildPhase;
			buildActionMask = 2147483647;
			files = (
				B619F4671D4065380021909F /* PreferencesSampleTests.m in Sources */,
			);
			runOnlyForDeploymentPostprocessing = 0;
		};
		B619F4691D4065380021909F /* Sources */ = {
			isa = PBXSourcesBuildPhase;
			buildActionMask = 2147483647;
			files = (
				B619F4721D4065380021909F /* PreferencesSampleUITests.m in Sources */,
			);
			runOnlyForDeploymentPostprocessing = 0;
		};
/* End PBXSourcesBuildPhase section */

/* Begin PBXTargetDependency section */
		B619F4641D4065380021909F /* PBXTargetDependency */ = {
			isa = PBXTargetDependency;
			target = B619F4481D4065380021909F /* PreferencesSample */;
			targetProxy = B619F4631D4065380021909F /* PBXContainerItemProxy */;
		};
		B619F46F1D4065380021909F /* PBXTargetDependency */ = {
			isa = PBXTargetDependency;
			target = B619F4481D4065380021909F /* PreferencesSample */;
			targetProxy = B619F46E1D4065380021909F /* PBXContainerItemProxy */;
		};
/* End PBXTargetDependency section */

/* Begin PBXVariantGroup section */
		B619F45A1D4065380021909F /* LaunchScreen.storyboard */ = {
			isa = PBXVariantGroup;
			children = (
				B619F45B1D4065380021909F /* Base */,
			);
			name = LaunchScreen.storyboard;
			sourceTree = "<group>";
		};
/* End PBXVariantGroup section */

/* Begin XCBuildConfiguration section */
		B619F4741D4065380021909F /* Debug */ = {
			isa = XCBuildConfiguration;
			buildSettings = {
				ALWAYS_SEARCH_USER_PATHS = NO;
				CLANG_ANALYZER_NONNULL = YES;
				CLANG_CXX_LANGUAGE_STANDARD = "gnu++0x";
				CLANG_CXX_LIBRARY = "libc++";
				CLANG_ENABLE_MODULES = YES;
				CLANG_ENABLE_OBJC_ARC = YES;
				CLANG_WARN_BOOL_CONVERSION = YES;
				CLANG_WARN_CONSTANT_CONVERSION = YES;
				CLANG_WARN_DIRECT_OBJC_ISA_USAGE = YES_ERROR;
				CLANG_WARN_EMPTY_BODY = YES;
				CLANG_WARN_ENUM_CONVERSION = YES;
				CLANG_WARN_INT_CONVERSION = YES;
				CLANG_WARN_OBJC_ROOT_CLASS = YES_ERROR;
				CLANG_WARN_UNREACHABLE_CODE = YES;
				CLANG_WARN__DUPLICATE_METHOD_MATCH = YES;
				"CODE_SIGN_IDENTITY[sdk=iphoneos*]" = "iPhone Developer";
				COPY_PHASE_STRIP = NO;
				DEBUG_INFORMATION_FORMAT = dwarf;
				ENABLE_STRICT_OBJC_MSGSEND = YES;
				ENABLE_TESTABILITY = YES;
				GCC_C_LANGUAGE_STANDARD = gnu99;
				GCC_DYNAMIC_NO_PIC = NO;
				GCC_NO_COMMON_BLOCKS = YES;
				GCC_OPTIMIZATION_LEVEL = 0;
				GCC_PREPROCESSOR_DEFINITIONS = (
					"DEBUG=1",
					"$(inherited)",
				);
				GCC_WARN_64_TO_32_BIT_CONVERSION = YES;
				GCC_WARN_ABOUT_RETURN_TYPE = YES_ERROR;
				GCC_WARN_UNDECLARED_SELECTOR = YES;
				GCC_WARN_UNINITIALIZED_AUTOS = YES_AGGRESSIVE;
				GCC_WARN_UNUSED_FUNCTION = YES;
				GCC_WARN_UNUSED_VARIABLE = YES;
				IPHONEOS_DEPLOYMENT_TARGET = 9.3;
				MTL_ENABLE_DEBUG_INFO = YES;
				ONLY_ACTIVE_ARCH = YES;
				SDKROOT = iphoneos;
			};
			name = Debug;
		};
		B619F4751D4065380021909F /* Release */ = {
			isa = XCBuildConfiguration;
			buildSettings = {
				ALWAYS_SEARCH_USER_PATHS = NO;
				CLANG_ANALYZER_NONNULL = YES;
				CLANG_CXX_LANGUAGE_STANDARD = "gnu++0x";
				CLANG_CXX_LIBRARY = "libc++";
				CLANG_ENABLE_MODULES = YES;
				CLANG_ENABLE_OBJC_ARC = YES;
				CLANG_WARN_BOOL_CONVERSION = YES;
				CLANG_WARN_CONSTANT_CONVERSION = YES;
				CLANG_WARN_DIRECT_OBJC_ISA_USAGE = YES_ERROR;
				CLANG_WARN_EMPTY_BODY = YES;
				CLANG_WARN_ENUM_CONVERSION = YES;
				CLANG_WARN_INT_CONVERSION = YES;
				CLANG_WARN_OBJC_ROOT_CLASS = YES_ERROR;
				CLANG_WARN_UNREACHABLE_CODE = YES;
				CLANG_WARN__DUPLICATE_METHOD_MATCH = YES;
				"CODE_SIGN_IDENTITY[sdk=iphoneos*]" = "iPhone Developer";
				COPY_PHASE_STRIP = NO;
				DEBUG_INFORMATION_FORMAT = "dwarf-with-dsym";
				ENABLE_NS_ASSERTIONS = NO;
				ENABLE_STRICT_OBJC_MSGSEND = YES;
				GCC_C_LANGUAGE_STANDARD = gnu99;
				GCC_NO_COMMON_BLOCKS = YES;
				GCC_WARN_64_TO_32_BIT_CONVERSION = YES;
				GCC_WARN_ABOUT_RETURN_TYPE = YES_ERROR;
				GCC_WARN_UNDECLARED_SELECTOR = YES;
				GCC_WARN_UNINITIALIZED_AUTOS = YES_AGGRESSIVE;
				GCC_WARN_UNUSED_FUNCTION = YES;
				GCC_WARN_UNUSED_VARIABLE = YES;
				IPHONEOS_DEPLOYMENT_TARGET = 9.3;
				MTL_ENABLE_DEBUG_INFO = NO;
				SDKROOT = iphoneos;
				VALIDATE_PRODUCT = YES;
			};
			name = Release;
		};
		B619F4771D4065380021909F /* Debug */ = {
			isa = XCBuildConfiguration;
			baseConfigurationReference = 783CA47909F11D7E8E7BEDB5 /* Pods-PreferencesSample.debug.xcconfig */;
			buildSettings = {
				ASSETCATALOG_COMPILER_APPICON_NAME = AppIcon;
				CODE_SIGN_IDENTITY = "iPhone Developer";
				INFOPLIST_FILE = PreferencesSample/Info.plist;
				LD_RUNPATH_SEARCH_PATHS = "$(inherited) @executable_path/Frameworks";
				PRODUCT_BUNDLE_IDENTIFIER = space.luoyu.PreferencesSample;
				PRODUCT_NAME = "$(TARGET_NAME)";
			};
			name = Debug;
		};
		B619F4781D4065380021909F /* Release */ = {
			isa = XCBuildConfiguration;
			baseConfigurationReference = 540764DA6C256F8502D57E9C /* Pods-PreferencesSample.release.xcconfig */;
			buildSettings = {
				ASSETCATALOG_COMPILER_APPICON_NAME = AppIcon;
				CODE_SIGN_IDENTITY = "iPhone Developer";
				INFOPLIST_FILE = PreferencesSample/Info.plist;
				LD_RUNPATH_SEARCH_PATHS = "$(inherited) @executable_path/Frameworks";
				PRODUCT_BUNDLE_IDENTIFIER = space.luoyu.PreferencesSample;
				PRODUCT_NAME = "$(TARGET_NAME)";
			};
			name = Release;
		};
		B619F47A1D4065380021909F /* Debug */ = {
			isa = XCBuildConfiguration;
			baseConfigurationReference = 4D0E4FDA30EAA68479B61A7D /* Pods-PreferencesSampleTests.debug.xcconfig */;
			buildSettings = {
				BUNDLE_LOADER = "$(TEST_HOST)";
				INFOPLIST_FILE = PreferencesSampleTests/Info.plist;
				LD_RUNPATH_SEARCH_PATHS = "$(inherited) @executable_path/Frameworks @loader_path/Frameworks";
				PRODUCT_BUNDLE_IDENTIFIER = space.luoyu.PreferencesSampleTests;
				PRODUCT_NAME = "$(TARGET_NAME)";
				TEST_HOST = "$(BUILT_PRODUCTS_DIR)/PreferencesSample.app/PreferencesSample";
			};
			name = Debug;
		};
		B619F47B1D4065380021909F /* Release */ = {
			isa = XCBuildConfiguration;
			baseConfigurationReference = 20D371005BA1906D867E3B5C /* Pods-PreferencesSampleTests.release.xcconfig */;
			buildSettings = {
				BUNDLE_LOADER = "$(TEST_HOST)";
				INFOPLIST_FILE = PreferencesSampleTests/Info.plist;
				LD_RUNPATH_SEARCH_PATHS = "$(inherited) @executable_path/Frameworks @loader_path/Frameworks";
				PRODUCT_BUNDLE_IDENTIFIER = space.luoyu.PreferencesSampleTests;
				PRODUCT_NAME = "$(TARGET_NAME)";
				TEST_HOST = "$(BUILT_PRODUCTS_DIR)/PreferencesSample.app/PreferencesSample";
			};
			name = Release;
		};
		B619F47D1D4065380021909F /* Debug */ = {
			isa = XCBuildConfiguration;
			baseConfigurationReference = 071A302583784AD453E051DB /* Pods-PreferencesSampleUITests.debug.xcconfig */;
			buildSettings = {
				INFOPLIST_FILE = PreferencesSampleUITests/Info.plist;
				LD_RUNPATH_SEARCH_PATHS = "$(inherited) @executable_path/Frameworks @loader_path/Frameworks";
				PRODUCT_BUNDLE_IDENTIFIER = space.luoyu.PreferencesSampleUITests;
				PRODUCT_NAME = "$(TARGET_NAME)";
				TEST_TARGET_NAME = PreferencesSample;
			};
			name = Debug;
		};
		B619F47E1D4065380021909F /* Release */ = {
			isa = XCBuildConfiguration;
			baseConfigurationReference = 584311ED6F05B26EA2C30B9D /* Pods-PreferencesSampleUITests.release.xcconfig */;
			buildSettings = {
				INFOPLIST_FILE = PreferencesSampleUITests/Info.plist;
				LD_RUNPATH_SEARCH_PATHS = "$(inherited) @executable_path/Frameworks @loader_path/Frameworks";
				PRODUCT_BUNDLE_IDENTIFIER = space.luoyu.PreferencesSampleUITests;
				PRODUCT_NAME = "$(TARGET_NAME)";
				TEST_TARGET_NAME = PreferencesSample;
			};
			name = Release;
		};
/* End XCBuildConfiguration section */

/* Begin XCConfigurationList section */
		B619F4441D4065380021909F /* Build configuration list for PBXProject "PreferencesSample" */ = {
			isa = XCConfigurationList;
			buildConfigurations = (
				B619F4741D4065380021909F /* Debug */,
				B619F4751D4065380021909F /* Release */,
			);
			defaultConfigurationIsVisible = 0;
			defaultConfigurationName = Release;
		};
		B619F4761D4065380021909F /* Build configuration list for PBXNativeTarget "PreferencesSample" */ = {
			isa = XCConfigurationList;
			buildConfigurations = (
				B619F4771D4065380021909F /* Debug */,
				B619F4781D4065380021909F /* Release */,
			);
			defaultConfigurationIsVisible = 0;
			defaultConfigurationName = Release;
		};
		B619F4791D4065380021909F /* Build configuration list for PBXNativeTarget "PreferencesSampleTests" */ = {
			isa = XCConfigurationList;
			buildConfigurations = (
				B619F47A1D4065380021909F /* Debug */,
				B619F47B1D4065380021909F /* Release */,
			);
			defaultConfigurationIsVisible = 0;
			defaultConfigurationName = Release;
		};
		B619F47C1D4065380021909F /* Build configuration list for PBXNativeTarget "PreferencesSampleUITests" */ = {
			isa = XCConfigurationList;
			buildConfigurations = (
				B619F47D1D4065380021909F /* Debug */,
				B619F47E1D4065380021909F /* Release */,
			);
			defaultConfigurationIsVisible = 0;
			defaultConfigurationName = Release;
		};
/* End XCConfigurationList section */
	};
	rootObject = B619F4411D4065380021909F /* Project object */;
}
